
Microsoft Visual Studio Solution File, Format Version 12.00
# Visual Studio Version 16
VisualStudioVersion = 16.0.32106.194
MinimumVisualStudioVersion = 10.0.40219.1
Project("{888888A0-9F3D-457C-B088-3A5042F75D52}") = "10", "10\10.pyproj", "{75C97119-6489-40E8-A64A-90AE581C2A99}"
EndProject
Global
	GlobalSection(SolutionConfigurationPlatforms) = preSolution
		Debug|Any CPU = Debug|Any CPU
		Release|Any CPU = Release|Any CPU
	EndGlobalSection
	GlobalSection(ProjectConfigurationPlatforms) = postSolution
		{75C97119-6489-40E8-A64A-90AE581C2A99}.Debug|Any CPU.ActiveCfg = Debug|Any CPU
		{75C97119-6489-40E8-A64A-90AE581C2A99}.Release|Any CPU.ActiveCfg = Release|Any CPU
	EndGlobalSection
	GlobalSection(SolutionProperties) = preSolution
		HideSolutionNode = FALSE
	EndGlobalSection
	GlobalSection(ExtensibilityGlobals) = postSolution
		SolutionGuid = {F8649371-8788-4684-8A62-003C63D615EC}
	EndGlobalSection
EndGlobal
