
Microsoft Visual Studio Solution File, Format Version 12.00
# Visual Studio Version 16
VisualStudioVersion = 16.0.32106.194
MinimumVisualStudioVersion = 10.0.40219.1
Project("{888888A0-9F3D-457C-B088-3A5042F75D52}") = "6", "6\6.pyproj", "{BCEFBB64-269A-4E36-8D7F-E40D24987D68}"
EndProject
Global
	GlobalSection(SolutionConfigurationPlatforms) = preSolution
		Debug|Any CPU = Debug|Any CPU
		Release|Any CPU = Release|Any CPU
	EndGlobalSection
	GlobalSection(ProjectConfigurationPlatforms) = postSolution
		{BCEFBB64-269A-4E36-8D7F-E40D24987D68}.Debug|Any CPU.ActiveCfg = Debug|Any CPU
		{BCEFBB64-269A-4E36-8D7F-E40D24987D68}.Release|Any CPU.ActiveCfg = Release|Any CPU
	EndGlobalSection
	GlobalSection(SolutionProperties) = preSolution
		HideSolutionNode = FALSE
	EndGlobalSection
	GlobalSection(ExtensibilityGlobals) = postSolution
		SolutionGuid = {485720BA-681F-484B-86F0-73A018C1DD35}
	EndGlobalSection
EndGlobal
