
Microsoft Visual Studio Solution File, Format Version 12.00
# Visual Studio Version 16
VisualStudioVersion = 16.0.32106.194
MinimumVisualStudioVersion = 10.0.40219.1
Project("{888888A0-9F3D-457C-B088-3A5042F75D52}") = "6", "6\6.pyproj", "{C672670C-0069-4846-B2C4-2B8012AA9BCA}"
EndProject
Global
	GlobalSection(SolutionConfigurationPlatforms) = preSolution
		Debug|Any CPU = Debug|Any CPU
		Release|Any CPU = Release|Any CPU
	EndGlobalSection
	GlobalSection(ProjectConfigurationPlatforms) = postSolution
		{C672670C-0069-4846-B2C4-2B8012AA9BCA}.Debug|Any CPU.ActiveCfg = Debug|Any CPU
		{C672670C-0069-4846-B2C4-2B8012AA9BCA}.Release|Any CPU.ActiveCfg = Release|Any CPU
	EndGlobalSection
	GlobalSection(SolutionProperties) = preSolution
		HideSolutionNode = FALSE
	EndGlobalSection
	GlobalSection(ExtensibilityGlobals) = postSolution
		SolutionGuid = {BE5982B3-2050-4873-A2B2-B12147A7DB59}
	EndGlobalSection
EndGlobal
