
Microsoft Visual Studio Solution File, Format Version 12.00
# Visual Studio Version 16
VisualStudioVersion = 16.0.32106.194
MinimumVisualStudioVersion = 10.0.40219.1
Project("{888888A0-9F3D-457C-B088-3A5042F75D52}") = "7", "7\7.pyproj", "{D5E600D5-7BF7-4BBB-9B92-D0DDD1786859}"
EndProject
Global
	GlobalSection(SolutionConfigurationPlatforms) = preSolution
		Debug|Any CPU = Debug|Any CPU
		Release|Any CPU = Release|Any CPU
	EndGlobalSection
	GlobalSection(ProjectConfigurationPlatforms) = postSolution
		{D5E600D5-7BF7-4BBB-9B92-D0DDD1786859}.Debug|Any CPU.ActiveCfg = Debug|Any CPU
		{D5E600D5-7BF7-4BBB-9B92-D0DDD1786859}.Release|Any CPU.ActiveCfg = Release|Any CPU
	EndGlobalSection
	GlobalSection(SolutionProperties) = preSolution
		HideSolutionNode = FALSE
	EndGlobalSection
	GlobalSection(ExtensibilityGlobals) = postSolution
		SolutionGuid = {45F886FD-0202-4C4C-8EAE-73E389AEC424}
	EndGlobalSection
EndGlobal
